{
  "originHash" : "fb14c8dff9e43ac4f1df00a896d31c804e062ccf3c2ca000c004d09d6fa6b1e3",
  "pins" : [
    {
      "identity" : "apus",
      "kind" : "remoteSourceControl",
      "location" : "https://github.com/tomasf/Apus.git",
      "state" : {
        "revision" : "3ccc37d65daada2a675ddcc3d8a534e5db94726d",
        "version" : "0.1.4"
      }
    },
    {
      "identity" : "cadova",
      "kind" : "remoteSourceControl",
      "location" : "https://github.com/tomasf/Cadova.git",
      "state" : {
        "revision" : "df05b090f96265a23bff712b5092096c59dfc9f6",
        "version" : "0.9.3"
      }
    },
    {
      "identity" : "cadovalivelink",
      "kind" : "remoteSourceControl",
      "location" : "https://github.com/tomasf/CadovaLiveLink.git",
      "state" : {
        "revision" : "4e6cdee60cecf1cde2204578485445533ad0324b",
        "version" : "0.2.1"
      }
    },
    {
      "identity" : "helical",
      "kind" : "remoteSourceControl",
      "location" : "https://github.com/tomasf/Helical.git",
      "state" : {
        "revision" : "33b758661fe72ce317cbe4c3ce586cd27c7c43a4",
        "version" : "1.0.4"
      }
    },
    {
      "identity" : "manifold-swift",
      "kind" : "remoteSourceControl",
      "location" : "https://github.com/tomasf/manifold-swift.git",
      "state" : {
        "revision" : "59fa5c3e567df75fd9bb6aacb57d52fd5b3074ec",
        "version" : "1.1.1"
      }
    },
    {
      "identity" : "nodal",
      "kind" : "remoteSourceControl",
      "location" : "https://github.com/tomasf/Nodal.git",
      "state" : {
        "revision" : "0ec74822bcf604f2e20d445e1e62e5e87abf8a3f",
        "version" : "1.0.2"
      }
    },
    {
      "identity" : "pelagos",
      "kind" : "remoteSourceControl",
      "location" : "https://github.com/tomasf/Pelagos.git",
      "state" : {
        "revision" : "40118bfad25b83d46bf2a9b25327ba7189108880",
        "version" : "0.1.4"
      }
    },
    {
      "identity" : "threemf",
      "kind" : "remoteSourceControl",
      "location" : "https://github.com/tomasf/ThreeMF.git",
      "state" : {
        "revision" : "05391c47c4f8579a2dbd50d060aab76178a91a90",
        "version" : "0.3.0"
      }
    },
    {
      "identity" : "zip",
      "kind" : "remoteSourceControl",
      "location" : "https://github.com/tomasf/Zip.git",
      "state" : {
        "revision" : "3a22aaf3f449ceded0354695af96967d1df4e5e0",
        "version" : "2.1.2"
      }
    }
  ],
  "version" : 3
}
